
Microsoft Visual Studio Solution File, Format Version 12.00
# Visual Studio 2017
Project("{FAE04EC0-301F-11D3-BF4B-00C04F79EFBC}") = "Dungeon-Crawler", "Dungeon-Crawler.csproj", "{8747AD69-115B-6762-ED80-5502FCAACEC9}"
EndProject
Project("{FAE04EC0-301F-11D3-BF4B-00C04F79EFBC}") = "Dungeon-Crawler.Editor", "Dungeon-Crawler.Editor.csproj", "{09147DC1-55C5-2319-7496-4D8D0C59CE99}"
EndProject
Global
	GlobalSection(SolutionConfigurationPlatforms) = preSolution
		Debug|Any CPU = Debug|Any CPU
		Release|Any CPU = Release|Any CPU
	EndGlobalSection
	GlobalSection(ProjectConfigurationPlatforms) = postSolution
		{8747AD69-115B-6762-ED80-5502FCAACEC9}.Debug|Any CPU.ActiveCfg = Debug|Any CPU
		{8747AD69-115B-6762-ED80-5502FCAACEC9}.Debug|Any CPU.Build.0 = Debug|Any CPU
		{8747AD69-115B-6762-ED80-5502FCAACEC9}.Release|Any CPU.ActiveCfg = Release|Any CPU
		{8747AD69-115B-6762-ED80-5502FCAACEC9}.Release|Any CPU.Build.0 = Release|Any CPU
		{09147DC1-55C5-2319-7496-4D8D0C59CE99}.Debug|Any CPU.ActiveCfg = Debug|Any CPU
		{09147DC1-55C5-2319-7496-4D8D0C59CE99}.Debug|Any CPU.Build.0 = Debug|Any CPU
		{09147DC1-55C5-2319-7496-4D8D0C59CE99}.Release|Any CPU.ActiveCfg = Release|Any CPU
		{09147DC1-55C5-2319-7496-4D8D0C59CE99}.Release|Any CPU.Build.0 = Release|Any CPU
	EndGlobalSection
	GlobalSection(SolutionProperties) = preSolution
		HideSolutionNode = FALSE
	EndGlobalSection
EndGlobal
