
Microsoft Visual Studio Solution File, Format Version 12.00
# Visual Studio 2017
Project("{FAE04EC0-301F-11D3-BF4B-00C04F79EFBC}") = "Dungeon-CrawlerZuhause", "Dungeon-CrawlerZuhause.csproj", "{B42C94D1-FDD1-0888-AFA3-1ADB6EA4EFC0}"
EndProject
Project("{FAE04EC0-301F-11D3-BF4B-00C04F79EFBC}") = "Dungeon-CrawlerZuhause.Editor", "Dungeon-CrawlerZuhause.Editor.csproj", "{7E69BF34-030E-183E-DBE7-7CD50AF8B83F}"
EndProject
Global
	GlobalSection(SolutionConfigurationPlatforms) = preSolution
		Debug|Any CPU = Debug|Any CPU
		Release|Any CPU = Release|Any CPU
	EndGlobalSection
	GlobalSection(ProjectConfigurationPlatforms) = postSolution
		{B42C94D1-FDD1-0888-AFA3-1ADB6EA4EFC0}.Debug|Any CPU.ActiveCfg = Debug|Any CPU
		{B42C94D1-FDD1-0888-AFA3-1ADB6EA4EFC0}.Debug|Any CPU.Build.0 = Debug|Any CPU
		{B42C94D1-FDD1-0888-AFA3-1ADB6EA4EFC0}.Release|Any CPU.ActiveCfg = Release|Any CPU
		{B42C94D1-FDD1-0888-AFA3-1ADB6EA4EFC0}.Release|Any CPU.Build.0 = Release|Any CPU
		{7E69BF34-030E-183E-DBE7-7CD50AF8B83F}.Debug|Any CPU.ActiveCfg = Debug|Any CPU
		{7E69BF34-030E-183E-DBE7-7CD50AF8B83F}.Debug|Any CPU.Build.0 = Debug|Any CPU
		{7E69BF34-030E-183E-DBE7-7CD50AF8B83F}.Release|Any CPU.ActiveCfg = Release|Any CPU
		{7E69BF34-030E-183E-DBE7-7CD50AF8B83F}.Release|Any CPU.Build.0 = Release|Any CPU
	EndGlobalSection
	GlobalSection(SolutionProperties) = preSolution
		HideSolutionNode = FALSE
	EndGlobalSection
EndGlobal
